
Microsoft Visual Studio Solution File, Format Version 12.00
# Visual Studio Version 17
VisualStudioVersion = 17.1.31903.286
MinimumVisualStudioVersion = 10.0.40219.1
Project("{2150E333-8FDC-42A3-9474-1A3956D46DE8}") = "src", "src", "{370EDA4D-7212-4E49-A5CC-B777F71ACAB8}"
EndProject
Project("{2150E333-8FDC-42A3-9474-1A3956D46DE8}") = "tests", "tests", "{E37BB4F9-72AA-4FCB-9C98-0C3E0271B6E0}"
EndProject
Project("{9A19103F-16F7-4668-BE54-9A1E7A4F7556}") = "OpenMetrc.Builder", "OpenMetrc.Builder\OpenMetrc.Builder.csproj", "{34E6C438-DD46-44D1-9AFC-CC7F4F226A69}"
EndProject
Project("{9A19103F-16F7-4668-BE54-9A1E7A4F7556}") = "OpenMetrc.Tests", "OpenMetrc.Tests\OpenMetrc.Tests.csproj", "{F918A2BF-AD12-4D1B-9B67-597890EF95A6}"
	ProjectSection(ProjectDependencies) = postProject
		{34E6C438-DD46-44D1-9AFC-CC7F4F226A69} = {34E6C438-DD46-44D1-9AFC-CC7F4F226A69}
	EndProjectSection
EndProject
Project("{2150E333-8FDC-42A3-9474-1A3956D46DE8}") = "Solution Items", "Solution Items", "{23CD652A-0A69-48B3-B497-A20DEB311EE2}"
	ProjectSection(SolutionItems) = preProject
		open-metrc-swagger.yaml = open-metrc-swagger.yaml
		state-summaries.json = state-summaries.json
	EndProjectSection
EndProject
Project("{9A19103F-16F7-4668-BE54-9A1E7A4F7556}") = "OpenMetrc.Scraper", "OpenMetrc.Scraper\OpenMetrc.Scraper.csproj", "{CF64CF19-5837-4ADF-A49E-88708C1AE527}"
EndProject
Project("{9A19103F-16F7-4668-BE54-9A1E7A4F7556}") = "OpenMetrc.Common", "OpenMetrc.Common\OpenMetrc.Common.csproj", "{E9E44EAD-C387-46A9-B5C6-6032B9B60F9C}"
EndProject
Project("{FAE04EC0-301F-11D3-BF4B-00C04F79EFBC}") = "OpenMetrc", "OpenMetrc\OpenMetrc.csproj", "{A6374EE5-A078-4EFD-9F7A-0C973EF6B9D8}"
EndProject
Global
	GlobalSection(SolutionConfigurationPlatforms) = preSolution
		Debug|Any CPU = Debug|Any CPU
		Release|Any CPU = Release|Any CPU
	EndGlobalSection
	GlobalSection(ProjectConfigurationPlatforms) = postSolution
		{34E6C438-DD46-44D1-9AFC-CC7F4F226A69}.Debug|Any CPU.ActiveCfg = Debug|Any CPU
		{34E6C438-DD46-44D1-9AFC-CC7F4F226A69}.Debug|Any CPU.Build.0 = Debug|Any CPU
		{34E6C438-DD46-44D1-9AFC-CC7F4F226A69}.Release|Any CPU.ActiveCfg = Release|Any CPU
		{34E6C438-DD46-44D1-9AFC-CC7F4F226A69}.Release|Any CPU.Build.0 = Release|Any CPU
		{F918A2BF-AD12-4D1B-9B67-597890EF95A6}.Debug|Any CPU.ActiveCfg = Debug|Any CPU
		{F918A2BF-AD12-4D1B-9B67-597890EF95A6}.Debug|Any CPU.Build.0 = Debug|Any CPU
		{F918A2BF-AD12-4D1B-9B67-597890EF95A6}.Release|Any CPU.ActiveCfg = Release|Any CPU
		{F918A2BF-AD12-4D1B-9B67-597890EF95A6}.Release|Any CPU.Build.0 = Release|Any CPU
		{CF64CF19-5837-4ADF-A49E-88708C1AE527}.Debug|Any CPU.ActiveCfg = Debug|Any CPU
		{CF64CF19-5837-4ADF-A49E-88708C1AE527}.Debug|Any CPU.Build.0 = Debug|Any CPU
		{CF64CF19-5837-4ADF-A49E-88708C1AE527}.Release|Any CPU.ActiveCfg = Release|Any CPU
		{CF64CF19-5837-4ADF-A49E-88708C1AE527}.Release|Any CPU.Build.0 = Release|Any CPU
		{E9E44EAD-C387-46A9-B5C6-6032B9B60F9C}.Debug|Any CPU.ActiveCfg = Debug|Any CPU
		{E9E44EAD-C387-46A9-B5C6-6032B9B60F9C}.Debug|Any CPU.Build.0 = Debug|Any CPU
		{E9E44EAD-C387-46A9-B5C6-6032B9B60F9C}.Release|Any CPU.ActiveCfg = Release|Any CPU
		{E9E44EAD-C387-46A9-B5C6-6032B9B60F9C}.Release|Any CPU.Build.0 = Release|Any CPU
		{A6374EE5-A078-4EFD-9F7A-0C973EF6B9D8}.Debug|Any CPU.ActiveCfg = Debug|Any CPU
		{A6374EE5-A078-4EFD-9F7A-0C973EF6B9D8}.Debug|Any CPU.Build.0 = Debug|Any CPU
		{A6374EE5-A078-4EFD-9F7A-0C973EF6B9D8}.Release|Any CPU.ActiveCfg = Release|Any CPU
		{A6374EE5-A078-4EFD-9F7A-0C973EF6B9D8}.Release|Any CPU.Build.0 = Release|Any CPU
	EndGlobalSection
	GlobalSection(SolutionProperties) = preSolution
		HideSolutionNode = FALSE
	EndGlobalSection
	GlobalSection(NestedProjects) = preSolution
		{34E6C438-DD46-44D1-9AFC-CC7F4F226A69} = {370EDA4D-7212-4E49-A5CC-B777F71ACAB8}
		{F918A2BF-AD12-4D1B-9B67-597890EF95A6} = {E37BB4F9-72AA-4FCB-9C98-0C3E0271B6E0}
		{CF64CF19-5837-4ADF-A49E-88708C1AE527} = {370EDA4D-7212-4E49-A5CC-B777F71ACAB8}
		{E9E44EAD-C387-46A9-B5C6-6032B9B60F9C} = {370EDA4D-7212-4E49-A5CC-B777F71ACAB8}
		{A6374EE5-A078-4EFD-9F7A-0C973EF6B9D8} = {370EDA4D-7212-4E49-A5CC-B777F71ACAB8}
	EndGlobalSection
	GlobalSection(ExtensibilityGlobals) = postSolution
		SolutionGuid = {3548B3D4-7A70-411F-958C-009102D16D19}
	EndGlobalSection
EndGlobal
