
Microsoft Visual Studio Solution File, Format Version 12.00
# Visual Studio Version 17
VisualStudioVersion = 17.1.31903.286
MinimumVisualStudioVersion = 10.0.40219.1
Project("{2150E333-8FDC-42A3-9474-1A3956D46DE8}") = "src", "src", "{370EDA4D-7212-4E49-A5CC-B777F71ACAB8}"
EndProject
Project("{2150E333-8FDC-42A3-9474-1A3956D46DE8}") = "tests", "tests", "{E37BB4F9-72AA-4FCB-9C98-0C3E0271B6E0}"
EndProject
Project("{2150E333-8FDC-42A3-9474-1A3956D46DE8}") = "Solution Items", "Solution Items", "{23CD652A-0A69-48B3-B497-A20DEB311EE2}"
	ProjectSection(SolutionItems) = preProject
		open-metrc-swagger-v1.yaml = open-metrc-swagger-v1.yaml
		open-metrc-swagger-v2.yaml = open-metrc-swagger-v2.yaml
		readme.md = readme.md
		state-summaries.json = state-summaries.json
	EndProjectSection
	ProjectSection(FolderGlobals) = preProject
		C_5_4Users_4jason_4source_4repos_4open-metrc_4state-summaries_1json__JsonSchema = https://geojson.org/schema/GeoJSON.json
	EndProjectSection
EndProject
Project("{9A19103F-16F7-4668-BE54-9A1E7A4F7556}") = "OpenMetrc.Scraper", "src\OpenMetrc.Scraper\OpenMetrc.Scraper.csproj", "{74DF786A-D258-4EAE-8CF7-976B221D51B7}"
EndProject
Project("{9A19103F-16F7-4668-BE54-9A1E7A4F7556}") = "OpenMetrc.V2.Builder", "src\OpenMetrc.V2.Builder\OpenMetrc.V2.Builder.csproj", "{C7999C60-C03D-428D-A340-E3904DC23D29}"
EndProject
Project("{9A19103F-16F7-4668-BE54-9A1E7A4F7556}") = "OpenMetrc.V2", "src\OpenMetrc.V2\OpenMetrc.V2.csproj", "{C0440510-A7D6-4555-9DC5-F4C5BA46863F}"
EndProject
Project("{9A19103F-16F7-4668-BE54-9A1E7A4F7556}") = "OpenMetrc.V1", "src\OpenMetrc.V1\OpenMetrc.V1.csproj", "{E2C82B4C-FAA5-4C74-B9DA-AE4AB8352EC6}"
EndProject
Project("{9A19103F-16F7-4668-BE54-9A1E7A4F7556}") = "OpenMetrc.V1.Builder", "src\OpenMetrc.V1.Builder\OpenMetrc.V1.Builder.csproj", "{B4FC2673-E291-4296-8CC5-8DDAE5FAD471}"
EndProject
Project("{9A19103F-16F7-4668-BE54-9A1E7A4F7556}") = "OpenMetrc.Builder.Domain", "src\OpenMetrc.Builder.Domain\OpenMetrc.Builder.Domain.csproj", "{539662D6-32B0-4B0A-AB1C-45D27A134303}"
EndProject
Project("{9A19103F-16F7-4668-BE54-9A1E7A4F7556}") = "OpenMetrc.Builder.Common", "src\OpenMetrc.Builder.Common\OpenMetrc.Builder.Common.csproj", "{10BCEFC0-E13E-4E27-B61B-FB3A35C3DF3A}"
EndProject
Project("{2150E333-8FDC-42A3-9474-1A3956D46DE8}") = "01-Scraper", "01-Scraper", "{860E4147-1F88-46C2-ACCF-CBB0BE6A6C57}"
EndProject
Project("{2150E333-8FDC-42A3-9474-1A3956D46DE8}") = "02-Builder", "02-Builder", "{FD2055A8-739C-4ED2-A076-D32C80C83238}"
EndProject
Project("{9A19103F-16F7-4668-BE54-9A1E7A4F7556}") = "OpenMetrc.V1.Tests", "tests\OpenMetrc.V1.Tests\OpenMetrc.V1.Tests.csproj", "{B84EEC8C-B5B2-4899-B02C-0195B6DA2BAE}"
EndProject
Project("{9A19103F-16F7-4668-BE54-9A1E7A4F7556}") = "OpenMetrc.V2.Tests", "tests\OpenMetrc.V2.Tests\OpenMetrc.V2.Tests.csproj", "{3E1CDD82-7881-470D-9BE8-BFE816867993}"
EndProject
Project("{9A19103F-16F7-4668-BE54-9A1E7A4F7556}") = "OpenMetrc.V1.Builder.Tests", "tests\OpenMetrc.V1.Builder.Tests\OpenMetrc.V1.Builder.Tests.csproj", "{B9A1C70E-EC6B-4254-BC13-BD1D30D98F4C}"
EndProject
Project("{2150E333-8FDC-42A3-9474-1A3956D46DE8}") = "tools", "tools", "{6E1DDD9E-49E8-414F-BE46-375148002B40}"
EndProject
Project("{2150E333-8FDC-42A3-9474-1A3956D46DE8}") = "03-ClientGenerator", "03-ClientGenerator", "{CA325770-14D4-4572-BDF7-41E1E897CF6B}"
EndProject
Project("{9A19103F-16F7-4668-BE54-9A1E7A4F7556}") = "OpenMetrc.ClientGenerator", "src\OpenMetrc.ClientGenerator\OpenMetrc.ClientGenerator.csproj", "{075FC676-9C66-4737-A88A-D1EA016D15B7}"
EndProject
Global
	GlobalSection(SolutionConfigurationPlatforms) = preSolution
		Debug|Any CPU = Debug|Any CPU
		Release|Any CPU = Release|Any CPU
	EndGlobalSection
	GlobalSection(ProjectConfigurationPlatforms) = postSolution
		{74DF786A-D258-4EAE-8CF7-976B221D51B7}.Debug|Any CPU.ActiveCfg = Debug|Any CPU
		{74DF786A-D258-4EAE-8CF7-976B221D51B7}.Debug|Any CPU.Build.0 = Debug|Any CPU
		{74DF786A-D258-4EAE-8CF7-976B221D51B7}.Release|Any CPU.ActiveCfg = Release|Any CPU
		{74DF786A-D258-4EAE-8CF7-976B221D51B7}.Release|Any CPU.Build.0 = Release|Any CPU
		{C7999C60-C03D-428D-A340-E3904DC23D29}.Debug|Any CPU.ActiveCfg = Debug|Any CPU
		{C7999C60-C03D-428D-A340-E3904DC23D29}.Debug|Any CPU.Build.0 = Debug|Any CPU
		{C7999C60-C03D-428D-A340-E3904DC23D29}.Release|Any CPU.ActiveCfg = Release|Any CPU
		{C7999C60-C03D-428D-A340-E3904DC23D29}.Release|Any CPU.Build.0 = Release|Any CPU
		{C0440510-A7D6-4555-9DC5-F4C5BA46863F}.Debug|Any CPU.ActiveCfg = Debug|Any CPU
		{C0440510-A7D6-4555-9DC5-F4C5BA46863F}.Debug|Any CPU.Build.0 = Debug|Any CPU
		{C0440510-A7D6-4555-9DC5-F4C5BA46863F}.Release|Any CPU.ActiveCfg = Release|Any CPU
		{C0440510-A7D6-4555-9DC5-F4C5BA46863F}.Release|Any CPU.Build.0 = Release|Any CPU
		{E2C82B4C-FAA5-4C74-B9DA-AE4AB8352EC6}.Debug|Any CPU.ActiveCfg = Debug|Any CPU
		{E2C82B4C-FAA5-4C74-B9DA-AE4AB8352EC6}.Debug|Any CPU.Build.0 = Debug|Any CPU
		{E2C82B4C-FAA5-4C74-B9DA-AE4AB8352EC6}.Release|Any CPU.ActiveCfg = Release|Any CPU
		{E2C82B4C-FAA5-4C74-B9DA-AE4AB8352EC6}.Release|Any CPU.Build.0 = Release|Any CPU
		{B4FC2673-E291-4296-8CC5-8DDAE5FAD471}.Debug|Any CPU.ActiveCfg = Debug|Any CPU
		{B4FC2673-E291-4296-8CC5-8DDAE5FAD471}.Debug|Any CPU.Build.0 = Debug|Any CPU
		{B4FC2673-E291-4296-8CC5-8DDAE5FAD471}.Release|Any CPU.ActiveCfg = Release|Any CPU
		{B4FC2673-E291-4296-8CC5-8DDAE5FAD471}.Release|Any CPU.Build.0 = Release|Any CPU
		{539662D6-32B0-4B0A-AB1C-45D27A134303}.Debug|Any CPU.ActiveCfg = Debug|Any CPU
		{539662D6-32B0-4B0A-AB1C-45D27A134303}.Debug|Any CPU.Build.0 = Debug|Any CPU
		{539662D6-32B0-4B0A-AB1C-45D27A134303}.Release|Any CPU.ActiveCfg = Release|Any CPU
		{539662D6-32B0-4B0A-AB1C-45D27A134303}.Release|Any CPU.Build.0 = Release|Any CPU
		{10BCEFC0-E13E-4E27-B61B-FB3A35C3DF3A}.Debug|Any CPU.ActiveCfg = Debug|Any CPU
		{10BCEFC0-E13E-4E27-B61B-FB3A35C3DF3A}.Debug|Any CPU.Build.0 = Debug|Any CPU
		{10BCEFC0-E13E-4E27-B61B-FB3A35C3DF3A}.Release|Any CPU.ActiveCfg = Release|Any CPU
		{10BCEFC0-E13E-4E27-B61B-FB3A35C3DF3A}.Release|Any CPU.Build.0 = Release|Any CPU
		{B84EEC8C-B5B2-4899-B02C-0195B6DA2BAE}.Debug|Any CPU.ActiveCfg = Debug|Any CPU
		{B84EEC8C-B5B2-4899-B02C-0195B6DA2BAE}.Debug|Any CPU.Build.0 = Debug|Any CPU
		{B84EEC8C-B5B2-4899-B02C-0195B6DA2BAE}.Release|Any CPU.ActiveCfg = Release|Any CPU
		{B84EEC8C-B5B2-4899-B02C-0195B6DA2BAE}.Release|Any CPU.Build.0 = Release|Any CPU
		{3E1CDD82-7881-470D-9BE8-BFE816867993}.Debug|Any CPU.ActiveCfg = Debug|Any CPU
		{3E1CDD82-7881-470D-9BE8-BFE816867993}.Debug|Any CPU.Build.0 = Debug|Any CPU
		{3E1CDD82-7881-470D-9BE8-BFE816867993}.Release|Any CPU.ActiveCfg = Release|Any CPU
		{3E1CDD82-7881-470D-9BE8-BFE816867993}.Release|Any CPU.Build.0 = Release|Any CPU
		{B9A1C70E-EC6B-4254-BC13-BD1D30D98F4C}.Debug|Any CPU.ActiveCfg = Debug|Any CPU
		{B9A1C70E-EC6B-4254-BC13-BD1D30D98F4C}.Debug|Any CPU.Build.0 = Debug|Any CPU
		{B9A1C70E-EC6B-4254-BC13-BD1D30D98F4C}.Release|Any CPU.ActiveCfg = Release|Any CPU
		{B9A1C70E-EC6B-4254-BC13-BD1D30D98F4C}.Release|Any CPU.Build.0 = Release|Any CPU
		{075FC676-9C66-4737-A88A-D1EA016D15B7}.Debug|Any CPU.ActiveCfg = Debug|Any CPU
		{075FC676-9C66-4737-A88A-D1EA016D15B7}.Debug|Any CPU.Build.0 = Debug|Any CPU
		{075FC676-9C66-4737-A88A-D1EA016D15B7}.Release|Any CPU.ActiveCfg = Release|Any CPU
		{075FC676-9C66-4737-A88A-D1EA016D15B7}.Release|Any CPU.Build.0 = Release|Any CPU
	EndGlobalSection
	GlobalSection(SolutionProperties) = preSolution
		HideSolutionNode = FALSE
	EndGlobalSection
	GlobalSection(NestedProjects) = preSolution
		{74DF786A-D258-4EAE-8CF7-976B221D51B7} = {860E4147-1F88-46C2-ACCF-CBB0BE6A6C57}
		{C7999C60-C03D-428D-A340-E3904DC23D29} = {FD2055A8-739C-4ED2-A076-D32C80C83238}
		{C0440510-A7D6-4555-9DC5-F4C5BA46863F} = {370EDA4D-7212-4E49-A5CC-B777F71ACAB8}
		{E2C82B4C-FAA5-4C74-B9DA-AE4AB8352EC6} = {370EDA4D-7212-4E49-A5CC-B777F71ACAB8}
		{B4FC2673-E291-4296-8CC5-8DDAE5FAD471} = {FD2055A8-739C-4ED2-A076-D32C80C83238}
		{539662D6-32B0-4B0A-AB1C-45D27A134303} = {FD2055A8-739C-4ED2-A076-D32C80C83238}
		{10BCEFC0-E13E-4E27-B61B-FB3A35C3DF3A} = {FD2055A8-739C-4ED2-A076-D32C80C83238}
		{860E4147-1F88-46C2-ACCF-CBB0BE6A6C57} = {6E1DDD9E-49E8-414F-BE46-375148002B40}
		{FD2055A8-739C-4ED2-A076-D32C80C83238} = {6E1DDD9E-49E8-414F-BE46-375148002B40}
		{B84EEC8C-B5B2-4899-B02C-0195B6DA2BAE} = {E37BB4F9-72AA-4FCB-9C98-0C3E0271B6E0}
		{3E1CDD82-7881-470D-9BE8-BFE816867993} = {E37BB4F9-72AA-4FCB-9C98-0C3E0271B6E0}
		{B9A1C70E-EC6B-4254-BC13-BD1D30D98F4C} = {E37BB4F9-72AA-4FCB-9C98-0C3E0271B6E0}
		{CA325770-14D4-4572-BDF7-41E1E897CF6B} = {6E1DDD9E-49E8-414F-BE46-375148002B40}
		{075FC676-9C66-4737-A88A-D1EA016D15B7} = {CA325770-14D4-4572-BDF7-41E1E897CF6B}
	EndGlobalSection
	GlobalSection(ExtensibilityGlobals) = postSolution
		SolutionGuid = {3548B3D4-7A70-411F-958C-009102D16D19}
	EndGlobalSection
EndGlobal
